# This file was autogenerated by Stack.
# You should not edit this file by hand.
# For more information, please see the documentation at:
#   https://docs.haskellstack.org/en/stable/lock_files

snapshots:
- original: lts-16.1
  completed:
    sha256: 954b6b14b0c8130732cf4773f7ebb4efc9a44600d1a5265d142868bf93462bc6
    url: https://raw.githubusercontent.com/commercialhaskell/stackage-snapshots/master/lts/16/1.yaml
    size: 531237
packages:
- original:
    hackage: servant-multipart-0.12@sha256:aa81dd0478270ade4a21b75611d5bc9cce8107df2e89c37b9964a3421629825d,2761
  completed:
    pantry-tree:
      sha256: 51c4e9e8be3ee80689bb6df46aee484a4f434dbeb33f4379ed8d1741fe4631cd
      size: 386
    hackage: servant-multipart-0.12@sha256:aa81dd0478270ade4a21b75611d5bc9cce8107df2e89c37b9964a3421629825d,2761
